// !$*UTF8*$!
{
	archiveVersion = 1;
	classes = {
	};
	objectVersion = 56;
	objects = {

/* Begin PBXBuildFile section */
		A1000001000000000000A00 /* main.m in Sources */ = {isa = PBXBuildFile; fileRef = A1000002000000000000A00 /* main.m */; };
		A1000003000000000000A00 /* AppDelegate.m in Sources */ = {isa = PBXBuildFile; fileRef = A1000004000000000000A00 /* AppDelegate.m */; };
		A1000005000000000000A00 /* ViewController.m in Sources */ = {isa = PBXBuildFile; fileRef = A1000006000000000000A00 /* ViewController.m */; };
		A1000007000000000000A00 /* Assets.xcassets in Resources */ = {isa = PBXBuildFile; fileRef = A1000008000000000000A00 /* Assets.xcassets */; };
		A1000009000000000000A00 /* LaunchScreen.storyboard in Resources */ = {isa = PBXBuildFile; fileRef = A100000A000000000000A00 /* LaunchScreen.storyboard */; };
		A100000B000000000000A00 /* LYMVPSocketIO.framework in Frameworks */ = {isa = PBXBuildFile; fileRef = A100000C000000000000A00 /* LYMVPSocketIO.framework */; };
/* End PBXBuildFile section */

/* Begin PBXFileReference section */
		63C5408B302486EF00EC5912 /* libc++.tbd */ = {isa = PBXFileReference; lastKnownFileType = "sourcecode.text-based-dylib-definition"; name = "libc++.tbd"; path = "usr/lib/libc++.tbd"; sourceTree = SDKROOT; };
		A1000002000000000000A00 /* main.m */ = {isa = PBXFileReference; lastKnownFileType = sourcecode.c.objc; path = main.m; sourceTree = "<group>"; };
		A1000004000000000000A00 /* AppDelegate.m */ = {isa = PBXFileReference; lastKnownFileType = sourcecode.c.objc; path = AppDelegate.m; sourceTree = "<group>"; };
		A1000006000000000000A00 /* ViewController.m */ = {isa = PBXFileReference; lastKnownFileType = sourcecode.c.objc; path = ViewController.m; sourceTree = "<group>"; };
		A1000008000000000000A00 /* Assets.xcassets */ = {isa = PBXFileReference; lastKnownFileType = folder.assetcatalog; path = Assets.xcassets; sourceTree = "<group>"; };
		A100000A000000000000A00 /* LaunchScreen.storyboard */ = {isa = PBXFileReference; lastKnownFileType = file.storyboard; path = LaunchScreen.storyboard; sourceTree = "<group>"; };
		A100000C000000000000A00 /* LYMVPSocketIO.framework */ = {isa = PBXFileReference; lastKnownFileType = wrapper.framework; name = LYMVPSocketIO.framework; path = "../../../build-ios-sim/framework/Debug/LYMVPSocketIO.framework"; sourceTree = "<group>"; };
		A100000D000000000000A00 /* iOSDemo.app */ = {isa = PBXFileReference; explicitFileType = wrapper.application; includeInIndex = 0; path = iOSDemo.app; sourceTree = BUILT_PRODUCTS_DIR; };
		A100000E000000000000A00 /* AppDelegate.h */ = {isa = PBXFileReference; lastKnownFileType = sourcecode.c.h; path = AppDelegate.h; sourceTree = "<group>"; };
		A100000F000000000000A00 /* ViewController.h */ = {isa = PBXFileReference; lastKnownFileType = sourcecode.c.h; path = ViewController.h; sourceTree = "<group>"; };
		A1000010000000000000A00 /* Info.plist */ = {isa = PBXFileReference; lastKnownFileType = text.plist.xml; path = Info.plist; sourceTree = "<group>"; };
/* End PBXFileReference section */

/* Begin PBXFrameworksBuildPhase section */
		A1000011000000000000A00 /* Frameworks */ = {
			isa = PBXFrameworksBuildPhase;
			buildActionMask = 2147483647;
			files = (
				A100000B000000000000A00 /* LYMVPSocketIO.framework in Frameworks */,
			);
			runOnlyForDeploymentPostprocessing = 0;
		};
/* End PBXFrameworksBuildPhase section */

/* Begin PBXGroup section */
		A1000012000000000000A00 = {
			isa = PBXGroup;
			children = (
				A1000013000000000000A00 /* iOSDemo */,
				A1000014000000000000A00 /* Frameworks */,
				A1000015000000000000A00 /* Products */,
			);
			sourceTree = "<group>";
		};
		A1000013000000000000A00 /* iOSDemo */ = {
			isa = PBXGroup;
			children = (
				A1000002000000000000A00 /* main.m */,
				A100000E000000000000A00 /* AppDelegate.h */,
				A1000004000000000000A00 /* AppDelegate.m */,
				A100000F000000000000A00 /* ViewController.h */,
				A1000006000000000000A00 /* ViewController.m */,
				A1000008000000000000A00 /* Assets.xcassets */,
				A1000016000000000000A00 /* Base.lproj */,
				A1000010000000000000A00 /* Info.plist */,
			);
			path = iOSDemo;
			sourceTree = "<group>";
		};
		A1000014000000000000A00 /* Frameworks */ = {
			isa = PBXGroup;
			children = (
				63C5408B302486EF00EC5912 /* libc++.tbd */,
				A100000C000000000000A00 /* LYMVPSocketIO.framework */,
			);
			name = Frameworks;
			sourceTree = "<group>";
		};
		A1000015000000000000A00 /* Products */ = {
			isa = PBXGroup;
			children = (
				A100000D000000000000A00 /* iOSDemo.app */,
			);
			name = Products;
			sourceTree = "<group>";
		};
		A1000016000000000000A00 /* Base.lproj */ = {
			isa = PBXGroup;
			children = (
				A100000A000000000000A00 /* LaunchScreen.storyboard */,
			);
			path = Base.lproj;
			sourceTree = "<group>";
		};
/* End PBXGroup section */

/* Begin PBXNativeTarget section */
		A1000017000000000000A00 /* iOSDemo */ = {
			isa = PBXNativeTarget;
			buildConfigurationList = A1000018000000000000A00 /* Build configuration list for PBXNativeTarget "iOSDemo" */;
			buildPhases = (
				A1000019000000000000A00 /* Sources */,
				A1000011000000000000A00 /* Frameworks */,
				A100001A000000000000A00 /* Resources */,
			);
			buildRules = (
			);
			dependencies = (
			);
			name = iOSDemo;
			productName = iOSDemo;
			productReference = A100000D000000000000A00 /* iOSDemo.app */;
			productType = "com.apple.product-type.application";
		};
/* End PBXNativeTarget section */

/* Begin PBXProject section */
		A100001B000000000000A00 /* Project object */ = {
			isa = PBXProject;
			attributes = {
				BuildIndependentTargetsInParallel = 1;
				LastSwiftUpdateCheck = 1420;
				LastUpgradeCheck = 1420;
				TargetAttributes = {
					A1000017000000000000A00 = {
						CreatedOnToolsVersion = 14.2;
					};
				};
			};
			buildConfigurationList = A100001C000000000000A00 /* Build configuration list for PBXProject "iOSDemo" */;
			compatibilityVersion = "Xcode 14.0";
			developmentRegion = en;
			hasScannedForEncodings = 0;
			knownRegions = (
				en,
				Base,
			);
			mainGroup = A1000012000000000000A00;
			productRefGroup = A1000015000000000000A00 /* Products */;
			projectDirPath = "";
			projectRoot = "";
			targets = (
				A1000017000000000000A00 /* iOSDemo */,
			);
		};
/* End PBXProject section */

/* Begin PBXResourcesBuildPhase section */
		A100001A000000000000A00 /* Resources */ = {
			isa = PBXResourcesBuildPhase;
			buildActionMask = 2147483647;
			files = (
				A1000007000000000000A00 /* Assets.xcassets in Resources */,
				A1000009000000000000A00 /* LaunchScreen.storyboard in Resources */,
			);
			runOnlyForDeploymentPostprocessing = 0;
		};
/* End PBXResourcesBuildPhase section */

/* Begin PBXSourcesBuildPhase section */
		A1000019000000000000A00 /* Sources */ = {
			isa = PBXSourcesBuildPhase;
			buildActionMask = 2147483647;
			files = (
				A1000001000000000000A00 /* main.m in Sources */,
				A1000003000000000000A00 /* AppDelegate.m in Sources */,
				A1000005000000000000A00 /* ViewController.m in Sources */,
			);
			runOnlyForDeploymentPostprocessing = 0;
		};
/* End PBXSourcesBuildPhase section */

/* Begin XCBuildConfiguration section */
		A100001D000000000000A00 /* Debug */ = {
			isa = XCBuildConfiguration;
			buildSettings = {
				ALWAYS_SEARCH_USER_PATHS = NO;
				CLANG_ANALYZER_NONNULL = YES;
				CLANG_ENABLE_OBJC_ARC = YES;
				CLANG_WARN_BLOCK_CAPTURE_AUTORELEASING = YES;
				CLANG_WARN_BOOL_CONVERSION = YES;
				CLANG_WARN_CONSTANT_CONVERSION = YES;
				CLANG_WARN_DIRECT_OBJC_ISA_USAGE = YES_ERROR;
				CLANG_WARN_EMPTY_BODY = YES;
				CLANG_WARN_ENUM_CONVERSION = YES;
				CLANG_WARN_INT_CONVERSION = YES;
				CLANG_WARN_OBJC_ROOT_CLASS = YES_ERROR;
				CLANG_WARN_UNREACHABLE_CODE = YES;
				CLANG_WARN__DUPLICATE_METHOD_MATCH = YES;
				COPY_PHASE_STRIP = NO;
				DEBUG_INFORMATION_FORMAT = dwarf;
				ENABLE_STRICT_OBJC_MSGSEND = YES;
				ENABLE_TESTABILITY = YES;
				FRAMEWORK_SEARCH_PATHS = (
					"$(inherited)",
					"$(SRCROOT)/../../build-ios-sim/framework/Debug",
				);
				GCC_C_LANGUAGE_STANDARD = gnu11;
				GCC_DYNAMIC_NO_PIC = NO;
				GCC_NO_COMMON_BLOCKS = YES;
				GCC_OPTIMIZATION_LEVEL = 0;
				GCC_PREPROCESSOR_DEFINITIONS = (
					"DEBUG=1",
					"$(inherited)",
				);
				GCC_WARN_64_TO_32_BIT_CONVERSION = YES;
				GCC_WARN_ABOUT_RETURN_TYPE = YES_ERROR;
				GCC_WARN_UNDECLARED_SELECTOR = YES;
				GCC_WARN_UNINITIALIZED_AUTOS = YES_AGGRESSIVE;
				GCC_WARN_UNUSED_FUNCTION = YES;
				GCC_WARN_UNUSED_VARIABLE = YES;
				HEADER_SEARCH_PATHS = (
					"$(inherited)",
					"$(SRCROOT)/../../build-ios-sim",
				);
				IPHONEOS_DEPLOYMENT_TARGET = 12.0;
				MTL_ENABLE_DEBUG_INFO = INCLUDE_SOURCE;
				MTL_FAST_MATH = YES;
				ONLY_ACTIVE_ARCH = YES;
				SDKROOT = iphoneos;
			};
			name = Debug;
		};
		A100001E000000000000A00 /* Release */ = {
			isa = XCBuildConfiguration;
			buildSettings = {
				ALWAYS_SEARCH_USER_PATHS = NO;
				CLANG_ANALYZER_NONNULL = YES;
				CLANG_ENABLE_OBJC_ARC = YES;
				CLANG_WARN_BLOCK_CAPTURE_AUTORELEASING = YES;
				CLANG_WARN_BOOL_CONVERSION = YES;
				CLANG_WARN_CONSTANT_CONVERSION = YES;
				CLANG_WARN_DIRECT_OBJC_ISA_USAGE = YES_ERROR;
				CLANG_WARN_EMPTY_BODY = YES;
				CLANG_WARN_ENUM_CONVERSION = YES;
				CLANG_WARN_INT_CONVERSION = YES;
				CLANG_WARN_OBJC_ROOT_CLASS = YES_ERROR;
				CLANG_WARN_UNREACHABLE_CODE = YES;
				CLANG_WARN__DUPLICATE_METHOD_MATCH = YES;
				COPY_PHASE_STRIP = NO;
				DEBUG_INFORMATION_FORMAT = "dwarf-with-dsym";
				ENABLE_NS_ASSERTIONS = NO;
				ENABLE_STRICT_OBJC_MSGSEND = YES;
				FRAMEWORK_SEARCH_PATHS = (
					"$(inherited)",
					"$(SRCROOT)/../../build-ios-sim/framework/Debug",
				);
				GCC_C_LANGUAGE_STANDARD = gnu11;
				GCC_NO_COMMON_BLOCKS = YES;
				GCC_WARN_64_TO_32_BIT_CONVERSION = YES;
				GCC_WARN_ABOUT_RETURN_TYPE = YES_ERROR;
				GCC_WARN_UNDECLARED_SELECTOR = YES;
				GCC_WARN_UNINITIALIZED_AUTOS = YES_AGGRESSIVE;
				GCC_WARN_UNUSED_FUNCTION = YES;
				GCC_WARN_UNUSED_VARIABLE = YES;
				HEADER_SEARCH_PATHS = (
					"$(inherited)",
					"$(SRCROOT)/../../build-ios-sim",
				);
				IPHONEOS_DEPLOYMENT_TARGET = 12.0;
				MTL_ENABLE_DEBUG_INFO = NO;
				MTL_FAST_MATH = YES;
				SDKROOT = iphoneos;
				VALIDATE_PRODUCT = YES;
			};
			name = Release;
		};
		A100001F000000000000A00 /* Debug */ = {
			isa = XCBuildConfiguration;
			buildSettings = {
				ASSETCATALOG_COMPILER_APPICON_NAME = AppIcon;
				CODE_SIGN_STYLE = Automatic;
				CURRENT_PROJECT_VERSION = 1;
				GENERATE_INFOPLIST_FILE = NO;
				INFOPLIST_FILE = iOSDemo/Info.plist;
				LD_RUNPATH_SEARCH_PATHS = (
					"$(inherited)",
					"@executable_path/Frameworks",
				);
				MARKETING_VERSION = 1.0;
				OTHER_LDFLAGS = (
					"$(inherited)",
					"-lc++",
					"-ObjC",
					"-framework",
					CFNetwork,
					"-framework",
					Security,
					"-framework",
					Foundation,
					"-framework",
					UIKit,
					"-framework",
					SystemConfiguration,
				);
				PRODUCT_BUNDLE_IDENTIFIER = com.lymvpsocketio.demo;
				PRODUCT_NAME = "$(TARGET_NAME)";
				TARGETED_DEVICE_FAMILY = "1,2";
			};
			name = Debug;
		};
		A1000020000000000000A00 /* Release */ = {
			isa = XCBuildConfiguration;
			buildSettings = {
				ASSETCATALOG_COMPILER_APPICON_NAME = AppIcon;
				CODE_SIGN_STYLE = Automatic;
				CURRENT_PROJECT_VERSION = 1;
				GENERATE_INFOPLIST_FILE = NO;
				INFOPLIST_FILE = iOSDemo/Info.plist;
				LD_RUNPATH_SEARCH_PATHS = (
					"$(inherited)",
					"@executable_path/Frameworks",
				);
				MARKETING_VERSION = 1.0;
				OTHER_LDFLAGS = (
					"$(inherited)",
					"-lc++",
					"-ObjC",
					"-framework",
					CFNetwork,
					"-framework",
					Security,
					"-framework",
					Foundation,
					"-framework",
					UIKit,
					"-framework",
					SystemConfiguration,
				);
				PRODUCT_BUNDLE_IDENTIFIER = com.lymvpsocketio.demo;
				PRODUCT_NAME = "$(TARGET_NAME)";
				TARGETED_DEVICE_FAMILY = "1,2";
			};
			name = Release;
		};
/* End XCBuildConfiguration section */

/* Begin XCConfigurationList section */
		A1000018000000000000A00 /* Build configuration list for PBXNativeTarget "iOSDemo" */ = {
			isa = XCConfigurationList;
			buildConfigurations = (
				A100001F000000000000A00 /* Debug */,
				A1000020000000000000A00 /* Release */,
			);
			defaultConfigurationIsVisible = 0;
			defaultConfigurationName = Release;
		};
		A100001C000000000000A00 /* Build configuration list for PBXProject "iOSDemo" */ = {
			isa = XCConfigurationList;
			buildConfigurations = (
				A100001D000000000000A00 /* Debug */,
				A100001E000000000000A00 /* Release */,
			);
			defaultConfigurationIsVisible = 0;
			defaultConfigurationName = Release;
		};
/* End XCConfigurationList section */
	};
	rootObject = A100001B000000000000A00 /* Project object */;
}
